{
  "version": "3",
  "packages": {
    "specifiers": {
      "jsr:@std/assert@^1.0.1": "jsr:@std/assert@1.0.1",
      "jsr:@std/bytes@^1.0.0-rc.3": "jsr:@std/bytes@1.0.2",
      "jsr:@std/cli@^1.0.0": "jsr:@std/cli@1.0.0",
      "jsr:@std/csv@^0.224.3": "jsr:@std/csv@0.224.3",
      "jsr:@std/fmt@^0.225.6": "jsr:@std/fmt@0.225.6",
      "jsr:@std/internal@^1.0.1": "jsr:@std/internal@1.0.1",
      "jsr:@std/path@^1.0.2": "jsr:@std/path@1.0.2",
      "jsr:@std/streams@^0.224.4": "jsr:@std/streams@0.224.5",
      "jsr:@std/yaml@^0.224.3": "jsr:@std/yaml@0.224.3",
      "npm:@types/node": "npm:@types/node@18.16.19",
      "npm:fastest-levenshtein@^1.0.16": "npm:fastest-levenshtein@1.0.16",
      "npm:supermemo@^2.0.17": "npm:supermemo@2.0.17"
    },
    "jsr": {
      "@std/assert@1.0.1": {
        "integrity": "13590ef8e5854f59e4ad252fd987e83239a1bf1f16cb9c69c1d123ebb807a75b",
        "dependencies": [
          "jsr:@std/internal@^1.0.1"
        ]
      },
      "@std/bytes@1.0.2": {
        "integrity": "fbdee322bbd8c599a6af186a1603b3355e59a5fb1baa139f8f4c3c9a1b3e3d57"
      },
      "@std/cli@1.0.0": {
        "integrity": "3c38f1da21bff0d25a9e6d97139ef2eb9ba334b5910da92c0169b44f38655f08"
      },
      "@std/csv@0.224.3": {
        "integrity": "cf9cb88954a029b9997a613f67771d39b4d1602c8ea1a289328c89b48460fae3",
        "dependencies": [
          "jsr:@std/streams@^0.224.4"
        ]
      },
      "@std/fmt@0.225.6": {
        "integrity": "aba6aea27f66813cecfd9484e074a9e9845782ab0685c030e453a8a70b37afc8"
      },
      "@std/internal@1.0.1": {
        "integrity": "6f8c7544d06a11dd256c8d6ba54b11ed870aac6c5aeafff499892662c57673e6"
      },
      "@std/path@1.0.2": {
        "integrity": "a452174603f8c620bd278a380c596437a9eef50c891c64b85812f735245d9ec7"
      },
      "@std/streams@0.224.5": {
        "integrity": "bcde7818dd5460d474cdbd674b15f6638b9cd73cd64e52bd852fba2bd4d8ec91",
        "dependencies": [
          "jsr:@std/bytes@^1.0.0-rc.3"
        ]
      },
      "@std/yaml@0.224.3": {
        "integrity": "9da1ed0094f42ba24570b4d88a094b44a793ac7f2bc085c1939d3ac7e11cc0bb"
      }
    },
    "npm": {
      "@types/node@18.16.19": {
        "integrity": "sha512-IXl7o+R9iti9eBW4Wg2hx1xQDig183jj7YLn8F7udNceyfkbn1ZxmzZXuak20gR40D7pIkIY1kYGx5VIGbaHKA==",
        "dependencies": {}
      },
      "fastest-levenshtein@1.0.16": {
        "integrity": "sha512-eRnCtTTtGZFpQCwhJiUOuxPQWRXVKYDn0b2PeHfXL6/Zi53SLAzAHfVhVWK2AryC/WH05kGfxhFIPvTF0SXQzg==",
        "dependencies": {}
      },
      "supermemo@2.0.17": {
        "integrity": "sha512-c/BMAkG+IDYtAP1AR97DVU4x4gs8vfvLA4ejND7lHKdzjaAWwxixtcZjnQNfcyAKfZn2ovIYKJAGpTG45dr8ug==",
        "dependencies": {}
      }
    }
  },
  "remote": {},
  "workspace": {
    "dependencies": [
      "jsr:@std/assert@^1.0.1",
      "jsr:@std/cli@^1.0.0",
      "jsr:@std/csv@^0.224.3",
      "jsr:@std/fmt@^0.225.6",
      "jsr:@std/path@^1.0.2",
      "jsr:@std/yaml@^0.224.3",
      "npm:fastest-levenshtein@^1.0.16",
      "npm:supermemo@^2.0.17"
    ]
  }
}
