{
  "name": "termilingo",
  "version": "0.0.0",
  "lockfileVersion": 3,
  "requires": true,
  "packages": {
    "": {
      "name": "termilingo",
      "version": "0.0.0",
      "license": "MIT",
      "dependencies": {
        "supermemo": "2.0.23"
      }
    },
    "node_modules/supermemo": {
      "version": "2.0.23",
      "resolved": "https://registry.npmjs.org/supermemo/-/supermemo-2.0.23.tgz",
      "integrity": "sha512-nmWfFf3opwJahxHHBS2k3FtBnK0Ii4LPZ8YrGqu9uoDDyftQodlRP3tGtWRo5h7dJWR6aSuJKuD8iiYbiOA9bw==",
      "license": "MIT"
    }
  }
}
