{
  "name": "termilingo",
  "version": "0.0.0",
  "lockfileVersion": 3,
  "requires": true,
  "packages": {
    "": {
      "name": "termilingo",
      "version": "0.0.0",
      "license": "MIT",
      "dependencies": {
        "csv-parse": "6.1.0",
        "csv-stringify": "6.6.0",
        "supermemo": "2.0.23",
        "yaml": "2.8.2"
      },
      "devDependencies": {
        "@types/node": "25.0.9",
        "tsdown": "0.20.0-beta.3",
        "typescript": "5.9.3"
      }
    },
    "node_modules/@babel/generator": {
      "version": "7.28.6",
      "resolved": "https://registry.npmjs.org/@babel/generator/-/generator-7.28.6.tgz",
      "integrity": "sha512-lOoVRwADj8hjf7al89tvQ2a1lf53Z+7tiXMgpZJL3maQPDxh0DgLMN62B2MKUOFcoodBHLMbDM6WAbKgNy5Suw==",
      "dev": true,
      "license": "MIT",
      "dependencies": {
        "@babel/parser": "^7.28.6",
        "@babel/types": "^7.28.6",
        "@jridgewell/gen-mapping": "^0.3.12",
        "@jridgewell/trace-mapping": "^0.3.28",
        "jsesc": "^3.0.2"
      },
      "engines": {
        "node": ">=6.9.0"
      }
    },
    "node_modules/@babel/helper-string-parser": {
      "version": "7.27.1",
      "resolved": "https://registry.npmjs.org/@babel/helper-string-parser/-/helper-string-parser-7.27.1.tgz",
      "integrity": "sha512-qMlSxKbpRlAridDExk92nSobyDdpPijUq2DW6oDnUqd0iOGxmQjyqhMIihI9+zv4LPyZdRje2cavWPbCbWm3eA==",
      "dev": true,
      "license": "MIT",
      "engines": {
        "node": ">=6.9.0"
      }
    },
    "node_modules/@babel/helper-validator-identifier": {
      "version": "7.28.5",
      "resolved": "https://registry.npmjs.org/@babel/helper-validator-identifier/-/helper-validator-identifier-7.28.5.tgz",
      "integrity": "sha512-qSs4ifwzKJSV39ucNjsvc6WVHs6b7S03sOh2OcHF9UHfVPqWWALUsNUVzhSBiItjRZoLHx7nIarVjqKVusUZ1Q==",
      "dev": true,
      "license": "MIT",
      "engines": {
        "node": ">=6.9.0"
      }
    },
    "node_modules/@babel/parser": {
      "version": "7.28.6",
      "resolved": "https://registry.npmjs.org/@babel/parser/-/parser-7.28.6.tgz",
      "integrity": "sha512-TeR9zWR18BvbfPmGbLampPMW+uW1NZnJlRuuHso8i87QZNq2JRF9i6RgxRqtEq+wQGsS19NNTWr2duhnE49mfQ==",
      "dev": true,
      "license": "MIT",
      "dependencies": {
        "@babel/types": "^7.28.6"
      },
      "bin": {
        "parser": "bin/babel-parser.js"
      },
      "engines": {
        "node": ">=6.0.0"
      }
    },
    "node_modules/@babel/types": {
      "version": "7.28.6",
      "resolved": "https://registry.npmjs.org/@babel/types/-/types-7.28.6.tgz",
      "integrity": "sha512-0ZrskXVEHSWIqZM/sQZ4EV3jZJXRkio/WCxaqKZP1g//CEWEPSfeZFcms4XeKBCHU0ZKnIkdJeU/kF+eRp5lBg==",
      "dev": true,
      "license": "MIT",
      "dependencies": {
        "@babel/helper-string-parser": "^7.27.1",
        "@babel/helper-validator-identifier": "^7.28.5"
      },
      "engines": {
        "node": ">=6.9.0"
      }
    },
    "node_modules/@emnapi/core": {
      "version": "1.8.1",
      "resolved": "https://registry.npmjs.org/@emnapi/core/-/core-1.8.1.tgz",
      "integrity": "sha512-AvT9QFpxK0Zd8J0jopedNm+w/2fIzvtPKPjqyw9jwvBaReTTqPBk9Hixaz7KbjimP+QNz605/XnjFcDAL2pqBg==",
      "dev": true,
      "license": "MIT",
      "optional": true,
      "dependencies": {
        "@emnapi/wasi-threads": "1.1.0",
        "tslib": "^2.4.0"
      }
    },
    "node_modules/@emnapi/runtime": {
      "version": "1.8.1",
      "resolved": "https://registry.npmjs.org/@emnapi/runtime/-/runtime-1.8.1.tgz",
      "integrity": "sha512-mehfKSMWjjNol8659Z8KxEMrdSJDDot5SXMq00dM8BN4o+CLNXQ0xH2V7EchNHV4RmbZLmmPdEaXZc5H2FXmDg==",
      "dev": true,
      "license": "MIT",
      "optional": true,
      "dependencies": {
        "tslib": "^2.4.0"
      }
    },
    "node_modules/@emnapi/wasi-threads": {
      "version": "1.1.0",
      "resolved": "https://registry.npmjs.org/@emnapi/wasi-threads/-/wasi-threads-1.1.0.tgz",
      "integrity": "sha512-WI0DdZ8xFSbgMjR1sFsKABJ/C5OnRrjT06JXbZKexJGrDuPTzZdDYfFlsgcCXCyf+suG5QU2e/y1Wo2V/OapLQ==",
      "dev": true,
      "license": "MIT",
      "optional": true,
      "dependencies": {
        "tslib": "^2.4.0"
      }
    },
    "node_modules/@jridgewell/gen-mapping": {
      "version": "0.3.13",
      "resolved": "https://registry.npmjs.org/@jridgewell/gen-mapping/-/gen-mapping-0.3.13.tgz",
      "integrity": "sha512-2kkt/7niJ6MgEPxF0bYdQ6etZaA+fQvDcLKckhy1yIQOzaoKjBBjSj63/aLVjYE3qhRt5dvM+uUyfCg6UKCBbA==",
      "dev": true,
      "license": "MIT",
      "dependencies": {
        "@jridgewell/sourcemap-codec": "^1.5.0",
        "@jridgewell/trace-mapping": "^0.3.24"
      }
    },
    "node_modules/@jridgewell/resolve-uri": {
      "version": "3.1.2",
      "resolved": "https://registry.npmjs.org/@jridgewell/resolve-uri/-/resolve-uri-3.1.2.tgz",
      "integrity": "sha512-bRISgCIjP20/tbWSPWMEi54QVPRZExkuD9lJL+UIxUKtwVJA8wW1Trb1jMs1RFXo1CBTNZ/5hpC9QvmKWdopKw==",
      "dev": true,
      "license": "MIT",
      "engines": {
        "node": ">=6.0.0"
      }
    },
    "node_modules/@jridgewell/sourcemap-codec": {
      "version": "1.5.5",
      "resolved": "https://registry.npmjs.org/@jridgewell/sourcemap-codec/-/sourcemap-codec-1.5.5.tgz",
      "integrity": "sha512-cYQ9310grqxueWbl+WuIUIaiUaDcj7WOq5fVhEljNVgRfOUhY9fy2zTvfoqWsnebh8Sl70VScFbICvJnLKB0Og==",
      "dev": true,
      "license": "MIT"
    },
    "node_modules/@jridgewell/trace-mapping": {
      "version": "0.3.31",
      "resolved": "https://registry.npmjs.org/@jridgewell/trace-mapping/-/trace-mapping-0.3.31.tgz",
      "integrity": "sha512-zzNR+SdQSDJzc8joaeP8QQoCQr8NuYx2dIIytl1QeBEZHJ9uW6hebsrYgbz8hJwUQao3TWCMtmfV8Nu1twOLAw==",
      "dev": true,
      "license": "MIT",
      "dependencies": {
        "@jridgewell/resolve-uri": "^3.1.0",
        "@jridgewell/sourcemap-codec": "^1.4.14"
      }
    },
    "node_modules/@napi-rs/wasm-runtime": {
      "version": "1.1.1",
      "resolved": "https://registry.npmjs.org/@napi-rs/wasm-runtime/-/wasm-runtime-1.1.1.tgz",
      "integrity": "sha512-p64ah1M1ld8xjWv3qbvFwHiFVWrq1yFvV4f7w+mzaqiR4IlSgkqhcRdHwsGgomwzBH51sRY4NEowLxnaBjcW/A==",
      "dev": true,
      "license": "MIT",
      "optional": true,
      "dependencies": {
        "@emnapi/core": "^1.7.1",
        "@emnapi/runtime": "^1.7.1",
        "@tybys/wasm-util": "^0.10.1"
      },
      "funding": {
        "type": "github",
        "url": "https://github.com/sponsors/Brooooooklyn"
      }
    },
    "node_modules/@oxc-project/types": {
      "version": "0.108.0",
      "resolved": "https://registry.npmjs.org/@oxc-project/types/-/types-0.108.0.tgz",
      "integrity": "sha512-7lf13b2IA/kZO6xgnIZA88sq3vwrxWk+2vxf6cc+omwYCRTiA5e63Beqf3fz/v8jEviChWWmFYBwzfSeyrsj7Q==",
      "dev": true,
      "license": "MIT",
      "funding": {
        "url": "https://github.com/sponsors/Boshen"
      }
    },
    "node_modules/@quansync/fs": {
      "version": "1.0.0",
      "resolved": "https://registry.npmjs.org/@quansync/fs/-/fs-1.0.0.tgz",
      "integrity": "sha512-4TJ3DFtlf1L5LDMaM6CanJ/0lckGNtJcMjQ1NAV6zDmA0tEHKZtxNKin8EgPaVX1YzljbxckyT2tJrpQKAtngQ==",
      "dev": true,
      "license": "MIT",
      "dependencies": {
        "quansync": "^1.0.0"
      },
      "funding": {
        "url": "https://github.com/sponsors/sxzz"
      }
    },
    "node_modules/@rolldown/binding-android-arm64": {
      "version": "1.0.0-beta.60",
      "resolved": "https://registry.npmjs.org/@rolldown/binding-android-arm64/-/binding-android-arm64-1.0.0-beta.60.tgz",
      "integrity": "sha512-hOW6iQXtpG4uCW1zGK56+KhEXGttSkTp2ykncW/nkOIF/jOKTqbM944Q73HVeMXP1mPRvE2cZwNp3xeLIeyIGQ==",
      "cpu": [
        "arm64"
      ],
      "dev": true,
      "license": "MIT",
      "optional": true,
      "os": [
        "android"
      ],
      "engines": {
        "node": "^20.19.0 || >=22.12.0"
      }
    },
    "node_modules/@rolldown/binding-darwin-arm64": {
      "version": "1.0.0-beta.60",
      "resolved": "https://registry.npmjs.org/@rolldown/binding-darwin-arm64/-/binding-darwin-arm64-1.0.0-beta.60.tgz",
      "integrity": "sha512-vyDA4HXY2mP8PPtl5UE17uGPxUNG4m1wkfa3kAkR8JWrFbarV97UmLq22IWrNhtBPa89xqerzLK8KoVmz5JqCQ==",
      "cpu": [
        "arm64"
      ],
      "dev": true,
      "license": "MIT",
      "optional": true,
      "os": [
        "darwin"
      ],
      "engines": {
        "node": "^20.19.0 || >=22.12.0"
      }
    },
    "node_modules/@rolldown/binding-darwin-x64": {
      "version": "1.0.0-beta.60",
      "resolved": "https://registry.npmjs.org/@rolldown/binding-darwin-x64/-/binding-darwin-x64-1.0.0-beta.60.tgz",
      "integrity": "sha512-WnxyqxAKP2BsxouwGY/RCF5UFw/LA4QOHhJ7VEl+UCelHokiwqNHRbryLAyRy3TE1FZ5eae+vAFcaetAu/kWLw==",
      "cpu": [
        "x64"
      ],
      "dev": true,
      "license": "MIT",
      "optional": true,
      "os": [
        "darwin"
      ],
      "engines": {
        "node": "^20.19.0 || >=22.12.0"
      }
    },
    "node_modules/@rolldown/binding-freebsd-x64": {
      "version": "1.0.0-beta.60",
      "resolved": "https://registry.npmjs.org/@rolldown/binding-freebsd-x64/-/binding-freebsd-x64-1.0.0-beta.60.tgz",
      "integrity": "sha512-JtyWJ+zXOHof5gOUYwdTWI2kL6b8q9eNwqB/oD4mfUFaC/COEB2+47JMhcq78dey9Ahmec3DZKRDZPRh9hNAMQ==",
      "cpu": [
        "x64"
      ],
      "dev": true,
      "license": "MIT",
      "optional": true,
      "os": [
        "freebsd"
      ],
      "engines": {
        "node": "^20.19.0 || >=22.12.0"
      }
    },
    "node_modules/@rolldown/binding-linux-arm-gnueabihf": {
      "version": "1.0.0-beta.60",
      "resolved": "https://registry.npmjs.org/@rolldown/binding-linux-arm-gnueabihf/-/binding-linux-arm-gnueabihf-1.0.0-beta.60.tgz",
      "integrity": "sha512-LrMoKqpHx+kCaNSk84iSBd4yVOymLIbxJQtvFjDN2CjQraownR+IXcwYDblFcj9ivmS54T3vCboXBbm3s1zbPQ==",
      "cpu": [
        "arm"
      ],
      "dev": true,
      "license": "MIT",
      "optional": true,
      "os": [
        "linux"
      ],
      "engines": {
        "node": "^20.19.0 || >=22.12.0"
      }
    },
    "node_modules/@rolldown/binding-linux-arm64-gnu": {
      "version": "1.0.0-beta.60",
      "resolved": "https://registry.npmjs.org/@rolldown/binding-linux-arm64-gnu/-/binding-linux-arm64-gnu-1.0.0-beta.60.tgz",
      "integrity": "sha512-sqI+Vdx1gmXJMsXN3Fsewm3wlt7RHvRs1uysSp//NLsCoh9ZFEUr4ZzGhWKOg6Rvf+njNu/vCsz96x7wssLejQ==",
      "cpu": [
        "arm64"
      ],
      "dev": true,
      "license": "MIT",
      "optional": true,
      "os": [
        "linux"
      ],
      "engines": {
        "node": "^20.19.0 || >=22.12.0"
      }
    },
    "node_modules/@rolldown/binding-linux-arm64-musl": {
      "version": "1.0.0-beta.60",
      "resolved": "https://registry.npmjs.org/@rolldown/binding-linux-arm64-musl/-/binding-linux-arm64-musl-1.0.0-beta.60.tgz",
      "integrity": "sha512-8xlqGLDtTP8sBfYwneTDu8+PRm5reNEHAuI/+6WPy9y350ls0KTFd3EJCOWEXWGW0F35ko9Fn9azmurBTjqOrQ==",
      "cpu": [
        "arm64"
      ],
      "dev": true,
      "license": "MIT",
      "optional": true,
      "os": [
        "linux"
      ],
      "engines": {
        "node": "^20.19.0 || >=22.12.0"
      }
    },
    "node_modules/@rolldown/binding-linux-x64-gnu": {
      "version": "1.0.0-beta.60",
      "resolved": "https://registry.npmjs.org/@rolldown/binding-linux-x64-gnu/-/binding-linux-x64-gnu-1.0.0-beta.60.tgz",
      "integrity": "sha512-iR4nhVouVZK1CiGGGyz+prF5Lw9Lmz30Rl36Hajex+dFVFiegka604zBwzTp5Tl0BZnr50ztnVJ30tGrBhDr8Q==",
      "cpu": [
        "x64"
      ],
      "dev": true,
      "license": "MIT",
      "optional": true,
      "os": [
        "linux"
      ],
      "engines": {
        "node": "^20.19.0 || >=22.12.0"
      }
    },
    "node_modules/@rolldown/binding-linux-x64-musl": {
      "version": "1.0.0-beta.60",
      "resolved": "https://registry.npmjs.org/@rolldown/binding-linux-x64-musl/-/binding-linux-x64-musl-1.0.0-beta.60.tgz",
      "integrity": "sha512-HbfNcqNeqxFjSMf1Kpe8itr2e2lr0Bm6HltD2qXtfU91bSSikVs9EWsa1ThshQ1v2ZvxXckGjlVLtah6IoslPg==",
      "cpu": [
        "x64"
      ],
      "dev": true,
      "license": "MIT",
      "optional": true,
      "os": [
        "linux"
      ],
      "engines": {
        "node": "^20.19.0 || >=22.12.0"
      }
    },
    "node_modules/@rolldown/binding-openharmony-arm64": {
      "version": "1.0.0-beta.60",
      "resolved": "https://registry.npmjs.org/@rolldown/binding-openharmony-arm64/-/binding-openharmony-arm64-1.0.0-beta.60.tgz",
      "integrity": "sha512-BiiamFcgTJ+ZFOUIMO9AHXUo9WXvHVwGfSrJ+Sv0AsTd2w3VN7dJGiH3WRcxKFetljJHWvGbM4fdpY5lf6RIvw==",
      "cpu": [
        "arm64"
      ],
      "dev": true,
      "license": "MIT",
      "optional": true,
      "os": [
        "openharmony"
      ],
      "engines": {
        "node": "^20.19.0 || >=22.12.0"
      }
    },
    "node_modules/@rolldown/binding-wasm32-wasi": {
      "version": "1.0.0-beta.60",
      "resolved": "https://registry.npmjs.org/@rolldown/binding-wasm32-wasi/-/binding-wasm32-wasi-1.0.0-beta.60.tgz",
      "integrity": "sha512-6roXGbHMdR2ucnxXuwbmQvk8tuYl3VGu0yv13KxspyKBxxBd4RS6iykzLD6mX2gMUHhfX8SVWz7n/62gfyKHow==",
      "cpu": [
        "wasm32"
      ],
      "dev": true,
      "license": "MIT",
      "optional": true,
      "dependencies": {
        "@napi-rs/wasm-runtime": "^1.1.1"
      },
      "engines": {
        "node": ">=14.0.0"
      }
    },
    "node_modules/@rolldown/binding-win32-arm64-msvc": {
      "version": "1.0.0-beta.60",
      "resolved": "https://registry.npmjs.org/@rolldown/binding-win32-arm64-msvc/-/binding-win32-arm64-msvc-1.0.0-beta.60.tgz",
      "integrity": "sha512-JBOm8/DC/CKnHyMHoJFdvzVHxUixid4dGkiTqGflxOxO43uSJMpl77pSPXvzwZ/VXwqblU2V0/PanyCBcRLowQ==",
      "cpu": [
        "arm64"
      ],
      "dev": true,
      "license": "MIT",
      "optional": true,
      "os": [
        "win32"
      ],
      "engines": {
        "node": "^20.19.0 || >=22.12.0"
      }
    },
    "node_modules/@rolldown/binding-win32-x64-msvc": {
      "version": "1.0.0-beta.60",
      "resolved": "https://registry.npmjs.org/@rolldown/binding-win32-x64-msvc/-/binding-win32-x64-msvc-1.0.0-beta.60.tgz",
      "integrity": "sha512-MKF0B823Efp+Ot8KsbwIuGhKH58pf+2rSM6VcqyNMlNBHheOM0Gf7JmEu+toc1jgN6fqjH7Et+8hAzsLVkIGfA==",
      "cpu": [
        "x64"
      ],
      "dev": true,
      "license": "MIT",
      "optional": true,
      "os": [
        "win32"
      ],
      "engines": {
        "node": "^20.19.0 || >=22.12.0"
      }
    },
    "node_modules/@rolldown/pluginutils": {
      "version": "1.0.0-beta.60",
      "resolved": "https://registry.npmjs.org/@rolldown/pluginutils/-/pluginutils-1.0.0-beta.60.tgz",
      "integrity": "sha512-Jz4aqXRPVtqkH1E3jRDzLO5cgN5JwW+WG0wXGE4NiJd25nougv/AHzxmKCzmVQUYnxLmTM0M4wrZp+LlC2FKLg==",
      "dev": true,
      "license": "MIT"
    },
    "node_modules/@tybys/wasm-util": {
      "version": "0.10.1",
      "resolved": "https://registry.npmjs.org/@tybys/wasm-util/-/wasm-util-0.10.1.tgz",
      "integrity": "sha512-9tTaPJLSiejZKx+Bmog4uSubteqTvFrVrURwkmHixBo0G4seD0zUxp98E1DzUBJxLQ3NPwXrGKDiVjwx/DpPsg==",
      "dev": true,
      "license": "MIT",
      "optional": true,
      "dependencies": {
        "tslib": "^2.4.0"
      }
    },
    "node_modules/@types/node": {
      "version": "25.0.9",
      "resolved": "https://registry.npmjs.org/@types/node/-/node-25.0.9.tgz",
      "integrity": "sha512-/rpCXHlCWeqClNBwUhDcusJxXYDjZTyE8v5oTO7WbL8eij2nKhUeU89/6xgjU7N4/Vh3He0BtyhJdQbDyhiXAw==",
      "dev": true,
      "license": "MIT",
      "dependencies": {
        "undici-types": "~7.16.0"
      }
    },
    "node_modules/ansis": {
      "version": "4.2.0",
      "resolved": "https://registry.npmjs.org/ansis/-/ansis-4.2.0.tgz",
      "integrity": "sha512-HqZ5rWlFjGiV0tDm3UxxgNRqsOTniqoKZu0pIAfh7TZQMGuZK+hH0drySty0si0QXj1ieop4+SkSfPZBPPkHig==",
      "dev": true,
      "license": "ISC",
      "engines": {
        "node": ">=14"
      }
    },
    "node_modules/ast-kit": {
      "version": "2.2.0",
      "resolved": "https://registry.npmjs.org/ast-kit/-/ast-kit-2.2.0.tgz",
      "integrity": "sha512-m1Q/RaVOnTp9JxPX+F+Zn7IcLYMzM8kZofDImfsKZd8MbR+ikdOzTeztStWqfrqIxZnYWryyI9ePm3NGjnZgGw==",
      "dev": true,
      "license": "MIT",
      "dependencies": {
        "@babel/parser": "^7.28.5",
        "pathe": "^2.0.3"
      },
      "engines": {
        "node": ">=20.19.0"
      },
      "funding": {
        "url": "https://github.com/sponsors/sxzz"
      }
    },
    "node_modules/birpc": {
      "version": "4.0.0",
      "resolved": "https://registry.npmjs.org/birpc/-/birpc-4.0.0.tgz",
      "integrity": "sha512-LShSxJP0KTmd101b6DRyGBj57LZxSDYWKitQNW/mi8GRMvZb078Uf9+pveax1DrVL89vm7mWe+TovdI/UDOuPw==",
      "dev": true,
      "license": "MIT",
      "funding": {
        "url": "https://github.com/sponsors/antfu"
      }
    },
    "node_modules/cac": {
      "version": "6.7.14",
      "resolved": "https://registry.npmjs.org/cac/-/cac-6.7.14.tgz",
      "integrity": "sha512-b6Ilus+c3RrdDk+JhLKUAQfzzgLEPy6wcXqS7f/xe1EETvsDP6GORG7SFuOs6cID5YkqchW/LXZbX5bc8j7ZcQ==",
      "dev": true,
      "license": "MIT",
      "engines": {
        "node": ">=8"
      }
    },
    "node_modules/csv-parse": {
      "version": "6.1.0",
      "resolved": "https://registry.npmjs.org/csv-parse/-/csv-parse-6.1.0.tgz",
      "integrity": "sha512-CEE+jwpgLn+MmtCpVcPtiCZpVtB6Z2OKPTr34pycYYoL7sxdOkXDdQ4lRiw6ioC0q6BLqhc6cKweCVvral8yhw==",
      "license": "MIT"
    },
    "node_modules/csv-stringify": {
      "version": "6.6.0",
      "resolved": "https://registry.npmjs.org/csv-stringify/-/csv-stringify-6.6.0.tgz",
      "integrity": "sha512-YW32lKOmIBgbxtu3g5SaiqWNwa/9ISQt2EcgOq0+RAIFufFp9is6tqNnKahqE5kuKvrnYAzs28r+s6pXJR8Vcw==",
      "license": "MIT"
    },
    "node_modules/defu": {
      "version": "6.1.4",
      "resolved": "https://registry.npmjs.org/defu/-/defu-6.1.4.tgz",
      "integrity": "sha512-mEQCMmwJu317oSz8CwdIOdwf3xMif1ttiM8LTufzc3g6kR+9Pe236twL8j3IYT1F7GfRgGcW6MWxzZjLIkuHIg==",
      "dev": true,
      "license": "MIT"
    },
    "node_modules/dts-resolver": {
      "version": "2.1.3",
      "resolved": "https://registry.npmjs.org/dts-resolver/-/dts-resolver-2.1.3.tgz",
      "integrity": "sha512-bihc7jPC90VrosXNzK0LTE2cuLP6jr0Ro8jk+kMugHReJVLIpHz/xadeq3MhuwyO4TD4OA3L1Q8pBBFRc08Tsw==",
      "dev": true,
      "license": "MIT",
      "engines": {
        "node": ">=20.19.0"
      },
      "funding": {
        "url": "https://github.com/sponsors/sxzz"
      },
      "peerDependencies": {
        "oxc-resolver": ">=11.0.0"
      },
      "peerDependenciesMeta": {
        "oxc-resolver": {
          "optional": true
        }
      }
    },
    "node_modules/empathic": {
      "version": "2.0.0",
      "resolved": "https://registry.npmjs.org/empathic/-/empathic-2.0.0.tgz",
      "integrity": "sha512-i6UzDscO/XfAcNYD75CfICkmfLedpyPDdozrLMmQc5ORaQcdMoc21OnlEylMIqI7U8eniKrPMxxtj8k0vhmJhA==",
      "dev": true,
      "license": "MIT",
      "engines": {
        "node": ">=14"
      }
    },
    "node_modules/fdir": {
      "version": "6.5.0",
      "resolved": "https://registry.npmjs.org/fdir/-/fdir-6.5.0.tgz",
      "integrity": "sha512-tIbYtZbucOs0BRGqPJkshJUYdL+SDH7dVM8gjy+ERp3WAUjLEFJE+02kanyHtwjWOnwrKYBiwAmM0p4kLJAnXg==",
      "dev": true,
      "license": "MIT",
      "engines": {
        "node": ">=12.0.0"
      },
      "peerDependencies": {
        "picomatch": "^3 || ^4"
      },
      "peerDependenciesMeta": {
        "picomatch": {
          "optional": true
        }
      }
    },
    "node_modules/get-tsconfig": {
      "version": "4.13.0",
      "resolved": "https://registry.npmjs.org/get-tsconfig/-/get-tsconfig-4.13.0.tgz",
      "integrity": "sha512-1VKTZJCwBrvbd+Wn3AOgQP/2Av+TfTCOlE4AcRJE72W1ksZXbAx8PPBR9RzgTeSPzlPMHrbANMH3LbltH73wxQ==",
      "dev": true,
      "license": "MIT",
      "dependencies": {
        "resolve-pkg-maps": "^1.0.0"
      },
      "funding": {
        "url": "https://github.com/privatenumber/get-tsconfig?sponsor=1"
      }
    },
    "node_modules/hookable": {
      "version": "6.0.1",
      "resolved": "https://registry.npmjs.org/hookable/-/hookable-6.0.1.tgz",
      "integrity": "sha512-uKGyY8BuzN/a5gvzvA+3FVWo0+wUjgtfSdnmjtrOVwQCZPHpHDH2WRO3VZSOeluYrHoDCiXFffZXs8Dj1ULWtw==",
      "dev": true,
      "license": "MIT"
    },
    "node_modules/import-without-cache": {
      "version": "0.2.5",
      "resolved": "https://registry.npmjs.org/import-without-cache/-/import-without-cache-0.2.5.tgz",
      "integrity": "sha512-B6Lc2s6yApwnD2/pMzFh/d5AVjdsDXjgkeJ766FmFuJELIGHNycKRj+l3A39yZPM4CchqNCB4RITEAYB1KUM6A==",
      "dev": true,
      "license": "MIT",
      "engines": {
        "node": ">=20.19.0"
      },
      "funding": {
        "url": "https://github.com/sponsors/sxzz"
      }
    },
    "node_modules/jsesc": {
      "version": "3.1.0",
      "resolved": "https://registry.npmjs.org/jsesc/-/jsesc-3.1.0.tgz",
      "integrity": "sha512-/sM3dO2FOzXjKQhJuo0Q173wf2KOo8t4I8vHy6lF9poUp7bKT0/NHE8fPX23PwfhnykfqnC2xRxOnVw5XuGIaA==",
      "dev": true,
      "license": "MIT",
      "bin": {
        "jsesc": "bin/jsesc"
      },
      "engines": {
        "node": ">=6"
      }
    },
    "node_modules/obug": {
      "version": "2.1.1",
      "resolved": "https://registry.npmjs.org/obug/-/obug-2.1.1.tgz",
      "integrity": "sha512-uTqF9MuPraAQ+IsnPf366RG4cP9RtUi7MLO1N3KEc+wb0a6yKpeL0lmk2IB1jY5KHPAlTc6T/JRdC/YqxHNwkQ==",
      "dev": true,
      "funding": [
        "https://github.com/sponsors/sxzz",
        "https://opencollective.com/debug"
      ],
      "license": "MIT"
    },
    "node_modules/pathe": {
      "version": "2.0.3",
      "resolved": "https://registry.npmjs.org/pathe/-/pathe-2.0.3.tgz",
      "integrity": "sha512-WUjGcAqP1gQacoQe+OBJsFA7Ld4DyXuUIjZ5cc75cLHvJ7dtNsTugphxIADwspS+AraAUePCKrSVtPLFj/F88w==",
      "dev": true,
      "license": "MIT"
    },
    "node_modules/picomatch": {
      "version": "4.0.3",
      "resolved": "https://registry.npmjs.org/picomatch/-/picomatch-4.0.3.tgz",
      "integrity": "sha512-5gTmgEY/sqK6gFXLIsQNH19lWb4ebPDLA4SdLP7dsWkIXHWlG66oPuVvXSGFPppYZz8ZDZq0dYYrbHfBCVUb1Q==",
      "dev": true,
      "license": "MIT",
      "engines": {
        "node": ">=12"
      },
      "funding": {
        "url": "https://github.com/sponsors/jonschlinkert"
      }
    },
    "node_modules/quansync": {
      "version": "1.0.0",
      "resolved": "https://registry.npmjs.org/quansync/-/quansync-1.0.0.tgz",
      "integrity": "sha512-5xZacEEufv3HSTPQuchrvV6soaiACMFnq1H8wkVioctoH3TRha9Sz66lOxRwPK/qZj7HPiSveih9yAyh98gvqA==",
      "dev": true,
      "funding": [
        {
          "type": "individual",
          "url": "https://github.com/sponsors/antfu"
        },
        {
          "type": "individual",
          "url": "https://github.com/sponsors/sxzz"
        }
      ],
      "license": "MIT"
    },
    "node_modules/resolve-pkg-maps": {
      "version": "1.0.0",
      "resolved": "https://registry.npmjs.org/resolve-pkg-maps/-/resolve-pkg-maps-1.0.0.tgz",
      "integrity": "sha512-seS2Tj26TBVOC2NIc2rOe2y2ZO7efxITtLZcGSOnHHNOQ7CkiUBfw0Iw2ck6xkIhPwLhKNLS8BO+hEpngQlqzw==",
      "dev": true,
      "license": "MIT",
      "funding": {
        "url": "https://github.com/privatenumber/resolve-pkg-maps?sponsor=1"
      }
    },
    "node_modules/rolldown": {
      "version": "1.0.0-beta.60",
      "resolved": "https://registry.npmjs.org/rolldown/-/rolldown-1.0.0-beta.60.tgz",
      "integrity": "sha512-YYgpv7MiTp9LdLj1fzGzCtij8Yi2OKEc3HQtfbIxW4yuSgpQz9518I69U72T5ErPA/ATOXqlcisiLrWy+5V9YA==",
      "dev": true,
      "license": "MIT",
      "dependencies": {
        "@oxc-project/types": "=0.108.0",
        "@rolldown/pluginutils": "1.0.0-beta.60"
      },
      "bin": {
        "rolldown": "bin/cli.mjs"
      },
      "engines": {
        "node": "^20.19.0 || >=22.12.0"
      },
      "optionalDependencies": {
        "@rolldown/binding-android-arm64": "1.0.0-beta.60",
        "@rolldown/binding-darwin-arm64": "1.0.0-beta.60",
        "@rolldown/binding-darwin-x64": "1.0.0-beta.60",
        "@rolldown/binding-freebsd-x64": "1.0.0-beta.60",
        "@rolldown/binding-linux-arm-gnueabihf": "1.0.0-beta.60",
        "@rolldown/binding-linux-arm64-gnu": "1.0.0-beta.60",
        "@rolldown/binding-linux-arm64-musl": "1.0.0-beta.60",
        "@rolldown/binding-linux-x64-gnu": "1.0.0-beta.60",
        "@rolldown/binding-linux-x64-musl": "1.0.0-beta.60",
        "@rolldown/binding-openharmony-arm64": "1.0.0-beta.60",
        "@rolldown/binding-wasm32-wasi": "1.0.0-beta.60",
        "@rolldown/binding-win32-arm64-msvc": "1.0.0-beta.60",
        "@rolldown/binding-win32-x64-msvc": "1.0.0-beta.60"
      }
    },
    "node_modules/rolldown-plugin-dts": {
      "version": "0.21.2",
      "resolved": "https://registry.npmjs.org/rolldown-plugin-dts/-/rolldown-plugin-dts-0.21.2.tgz",
      "integrity": "sha512-yFOvVkkxmdGVBH4UwCu/ApQZQXI1kre+aQyOyrmDAwFfALRaX7JlEn+F3HDDj3hEFE/q3+kCSGYGxEZ8W5NsGg==",
      "dev": true,
      "license": "MIT",
      "dependencies": {
        "@babel/generator": "^7.28.6",
        "@babel/parser": "^7.28.6",
        "@babel/types": "^7.28.6",
        "ast-kit": "^2.2.0",
        "birpc": "^4.0.0",
        "dts-resolver": "^2.1.3",
        "get-tsconfig": "^4.13.0",
        "obug": "^2.1.1"
      },
      "engines": {
        "node": ">=20.19.0"
      },
      "funding": {
        "url": "https://github.com/sponsors/sxzz"
      },
      "peerDependencies": {
        "@ts-macro/tsc": "^0.3.6",
        "@typescript/native-preview": ">=7.0.0-dev.20250601.1",
        "rolldown": "^1.0.0-beta.57",
        "typescript": "^5.0.0",
        "vue-tsc": "~3.2.0"
      },
      "peerDependenciesMeta": {
        "@ts-macro/tsc": {
          "optional": true
        },
        "@typescript/native-preview": {
          "optional": true
        },
        "typescript": {
          "optional": true
        },
        "vue-tsc": {
          "optional": true
        }
      }
    },
    "node_modules/semver": {
      "version": "7.7.3",
      "resolved": "https://registry.npmjs.org/semver/-/semver-7.7.3.tgz",
      "integrity": "sha512-SdsKMrI9TdgjdweUSR9MweHA4EJ8YxHn8DFaDisvhVlUOe4BF1tLD7GAj0lIqWVl+dPb/rExr0Btby5loQm20Q==",
      "dev": true,
      "license": "ISC",
      "bin": {
        "semver": "bin/semver.js"
      },
      "engines": {
        "node": ">=10"
      }
    },
    "node_modules/supermemo": {
      "version": "2.0.23",
      "resolved": "https://registry.npmjs.org/supermemo/-/supermemo-2.0.23.tgz",
      "integrity": "sha512-nmWfFf3opwJahxHHBS2k3FtBnK0Ii4LPZ8YrGqu9uoDDyftQodlRP3tGtWRo5h7dJWR6aSuJKuD8iiYbiOA9bw==",
      "license": "MIT"
    },
    "node_modules/tinyexec": {
      "version": "1.0.2",
      "resolved": "https://registry.npmjs.org/tinyexec/-/tinyexec-1.0.2.tgz",
      "integrity": "sha512-W/KYk+NFhkmsYpuHq5JykngiOCnxeVL8v8dFnqxSD8qEEdRfXk1SDM6JzNqcERbcGYj9tMrDQBYV9cjgnunFIg==",
      "dev": true,
      "license": "MIT",
      "engines": {
        "node": ">=18"
      }
    },
    "node_modules/tinyglobby": {
      "version": "0.2.15",
      "resolved": "https://registry.npmjs.org/tinyglobby/-/tinyglobby-0.2.15.tgz",
      "integrity": "sha512-j2Zq4NyQYG5XMST4cbs02Ak8iJUdxRM0XI5QyxXuZOzKOINmWurp3smXu3y5wDcJrptwpSjgXHzIQxR0omXljQ==",
      "dev": true,
      "license": "MIT",
      "dependencies": {
        "fdir": "^6.5.0",
        "picomatch": "^4.0.3"
      },
      "engines": {
        "node": ">=12.0.0"
      },
      "funding": {
        "url": "https://github.com/sponsors/SuperchupuDev"
      }
    },
    "node_modules/tree-kill": {
      "version": "1.2.2",
      "resolved": "https://registry.npmjs.org/tree-kill/-/tree-kill-1.2.2.tgz",
      "integrity": "sha512-L0Orpi8qGpRG//Nd+H90vFB+3iHnue1zSSGmNOOCh1GLJ7rUKVwV2HvijphGQS2UmhUZewS9VgvxYIdgr+fG1A==",
      "dev": true,
      "license": "MIT",
      "bin": {
        "tree-kill": "cli.js"
      }
    },
    "node_modules/tsdown": {
      "version": "0.20.0-beta.3",
      "resolved": "https://registry.npmjs.org/tsdown/-/tsdown-0.20.0-beta.3.tgz",
      "integrity": "sha512-XcMb46jOmxrXCiUkw7qhI3f1BUTnU0kWmpBK6CzASDbjxCpB2k2hGpdwIGM4GanGhWuNaoCW4+GvyHoPgUNRaQ==",
      "dev": true,
      "license": "MIT",
      "dependencies": {
        "ansis": "^4.2.0",
        "cac": "^6.7.14",
        "defu": "^6.1.4",
        "empathic": "^2.0.0",
        "hookable": "^6.0.1",
        "import-without-cache": "^0.2.5",
        "obug": "^2.1.1",
        "picomatch": "^4.0.3",
        "rolldown": "1.0.0-beta.60",
        "rolldown-plugin-dts": "^0.21.1",
        "semver": "^7.7.3",
        "tinyexec": "^1.0.2",
        "tinyglobby": "^0.2.15",
        "tree-kill": "^1.2.2",
        "unconfig-core": "^7.4.2",
        "unrun": "^0.2.25"
      },
      "bin": {
        "tsdown": "dist/run.mjs"
      },
      "engines": {
        "node": ">=20.19.0"
      },
      "funding": {
        "url": "https://github.com/sponsors/sxzz"
      },
      "peerDependencies": {
        "@arethetypeswrong/core": "^0.18.1",
        "@vitejs/devtools": "*",
        "publint": "^0.3.0",
        "typescript": "^5.0.0",
        "unplugin-lightningcss": "^0.4.0",
        "unplugin-unused": "^0.5.0"
      },
      "peerDependenciesMeta": {
        "@arethetypeswrong/core": {
          "optional": true
        },
        "@vitejs/devtools": {
          "optional": true
        },
        "publint": {
          "optional": true
        },
        "typescript": {
          "optional": true
        },
        "unplugin-lightningcss": {
          "optional": true
        },
        "unplugin-unused": {
          "optional": true
        }
      }
    },
    "node_modules/tslib": {
      "version": "2.8.1",
      "resolved": "https://registry.npmjs.org/tslib/-/tslib-2.8.1.tgz",
      "integrity": "sha512-oJFu94HQb+KVduSUQL7wnpmqnfmLsOA/nAh6b6EH0wCEoK0/mPeXU6c3wKDV83MkOuHPRHtSXKKU99IBazS/2w==",
      "dev": true,
      "license": "0BSD",
      "optional": true
    },
    "node_modules/typescript": {
      "version": "5.9.3",
      "resolved": "https://registry.npmjs.org/typescript/-/typescript-5.9.3.tgz",
      "integrity": "sha512-jl1vZzPDinLr9eUt3J/t7V6FgNEw9QjvBPdysz9KfQDD41fQrC2Y4vKQdiaUpFT4bXlb1RHhLpp8wtm6M5TgSw==",
      "dev": true,
      "license": "Apache-2.0",
      "bin": {
        "tsc": "bin/tsc",
        "tsserver": "bin/tsserver"
      },
      "engines": {
        "node": ">=14.17"
      }
    },
    "node_modules/unconfig-core": {
      "version": "7.4.2",
      "resolved": "https://registry.npmjs.org/unconfig-core/-/unconfig-core-7.4.2.tgz",
      "integrity": "sha512-VgPCvLWugINbXvMQDf8Jh0mlbvNjNC6eSUziHsBCMpxR05OPrNrvDnyatdMjRgcHaaNsCqz+wjNXxNw1kRLHUg==",
      "dev": true,
      "license": "MIT",
      "dependencies": {
        "@quansync/fs": "^1.0.0",
        "quansync": "^1.0.0"
      },
      "funding": {
        "url": "https://github.com/sponsors/antfu"
      }
    },
    "node_modules/undici-types": {
      "version": "7.16.0",
      "resolved": "https://registry.npmjs.org/undici-types/-/undici-types-7.16.0.tgz",
      "integrity": "sha512-Zz+aZWSj8LE6zoxD+xrjh4VfkIG8Ya6LvYkZqtUQGJPZjYl53ypCaUwWqo7eI0x66KBGeRo+mlBEkMSeSZ38Nw==",
      "dev": true,
      "license": "MIT"
    },
    "node_modules/unrun": {
      "version": "0.2.25",
      "resolved": "https://registry.npmjs.org/unrun/-/unrun-0.2.25.tgz",
      "integrity": "sha512-ZOr5uQL+JlcUT8hZsQbtuUgb1zzcFx3juhXyLSsciaWa3DW1ldMY9r4KSF3+k/LR1Evj2ggAZo1usK4/knBjMQ==",
      "dev": true,
      "license": "MIT",
      "dependencies": {
        "rolldown": "1.0.0-beta.60"
      },
      "bin": {
        "unrun": "dist/cli.mjs"
      },
      "engines": {
        "node": ">=20.19.0"
      },
      "funding": {
        "url": "https://github.com/sponsors/Gugustinette"
      },
      "peerDependencies": {
        "synckit": "^0.11.11"
      },
      "peerDependenciesMeta": {
        "synckit": {
          "optional": true
        }
      }
    },
    "node_modules/yaml": {
      "version": "2.8.2",
      "resolved": "https://registry.npmjs.org/yaml/-/yaml-2.8.2.tgz",
      "integrity": "sha512-mplynKqc1C2hTVYxd0PU2xQAc22TI1vShAYGksCCfxbn/dFwnHTNi1bvYsBTkhdUNtGIf5xNOg938rrSSYvS9A==",
      "license": "ISC",
      "bin": {
        "yaml": "bin.mjs"
      },
      "engines": {
        "node": ">= 14.6"
      },
      "funding": {
        "url": "https://github.com/sponsors/eemeli"
      }
    }
  }
}
